
Microsoft Visual Studio Solution File, Format Version 12.00
# Visual Studio Version 17
VisualStudioVersion = 17.5.33502.453
MinimumVisualStudioVersion = 10.0.40219.1
Project("{9A19103F-16F7-4668-BE54-9A1E7A4F7556}") = "CarInsurance.UI", "CarInsurance.UI\CarInsurance.UI.csproj", "{04B44235-6E68-41D5-B60F-6BEF91F92002}"
EndProject
Project("{9A19103F-16F7-4668-BE54-9A1E7A4F7556}") = "CarInsurance.Model", "CarInsurance.Model\CarInsurance.Model.csproj", "{3B4F67D1-ACD7-433C-9490-3F0604A423B8}"
EndProject
Global
	GlobalSection(SolutionConfigurationPlatforms) = preSolution
		Debug|Any CPU = Debug|Any CPU
		Release|Any CPU = Release|Any CPU
	EndGlobalSection
	GlobalSection(ProjectConfigurationPlatforms) = postSolution
		{04B44235-6E68-41D5-B60F-6BEF91F92002}.Debug|Any CPU.ActiveCfg = Debug|Any CPU
		{04B44235-6E68-41D5-B60F-6BEF91F92002}.Debug|Any CPU.Build.0 = Debug|Any CPU
		{04B44235-6E68-41D5-B60F-6BEF91F92002}.Release|Any CPU.ActiveCfg = Release|Any CPU
		{04B44235-6E68-41D5-B60F-6BEF91F92002}.Release|Any CPU.Build.0 = Release|Any CPU
		{3B4F67D1-ACD7-433C-9490-3F0604A423B8}.Debug|Any CPU.ActiveCfg = Debug|Any CPU
		{3B4F67D1-ACD7-433C-9490-3F0604A423B8}.Debug|Any CPU.Build.0 = Debug|Any CPU
		{3B4F67D1-ACD7-433C-9490-3F0604A423B8}.Release|Any CPU.ActiveCfg = Release|Any CPU
		{3B4F67D1-ACD7-433C-9490-3F0604A423B8}.Release|Any CPU.Build.0 = Release|Any CPU
	EndGlobalSection
	GlobalSection(SolutionProperties) = preSolution
		HideSolutionNode = FALSE
	EndGlobalSection
	GlobalSection(ExtensibilityGlobals) = postSolution
		SolutionGuid = {33E2F724-7FFC-42C2-A6CA-F5E68DF5885F}
	EndGlobalSection
EndGlobal
